PODS:
  - Alamofire (4.7.3)
  - AlamofireImage (3.3.1):
    - Alamofire (~> 4.5)
  - Nimble (7.1.3)
  - Quick (1.3.1)
  - SVProgressHUD (2.2.5)
  - Swinject (2.4.1)
  - SwinjectStoryboard (2.0.2):
    - Swinject (~> 2.4)

DEPENDENCIES:
  - Alamofire
  - AlamofireImage
  - Nimble
  - Quick
  - SVProgressHUD
  - Swinject
  - SwinjectStoryboard

SPEC REPOS:
  https://github.com/cocoapods/specs.git:
    - Alamofire
    - AlamofireImage
    - Nimble
    - Quick
    - SVProgressHUD
    - Swinject
    - SwinjectStoryboard

SPEC CHECKSUMS:
  Alamofire: c7287b6e5d7da964a70935e5db17046b7fde6568
  AlamofireImage: 3b35b586853abaf94ca1250f4e94cff3c21a4c0d
  Nimble: 2839b01d1b31f6a6a7777a221f0d91cf52e8e27b
  Quick: d17304d58d0d169dd0bd1c6e5c28e3318de32a1a
  SVProgressHUD: 1428aafac632c1f86f62aa4243ec12008d7a51d6
  Swinject: f7f15a9672e99328c1f07f277091087917215700
  SwinjectStoryboard: 365698aec11b57c6b14a3c1f52d0308759d377bf

PODFILE CHECKSUM: fb2f2a88b111a837cfb3cdb8d84037f9cc87e04d

COCOAPODS: 1.5.3
